
Microsoft Visual Studio Solution File, Format Version 12.00
# Visual Studio Version 16
VisualStudioVersion = 16.0.29123.88
MinimumVisualStudioVersion = 10.0.40219.1
Project("{FAE04EC0-301F-11D3-BF4B-00C04F79EFBC}") = "DataBaseView", "DataBaseView.csproj", "{39D0BE10-2756-41F1-8980-0578C39B0B2E}"
EndProject
Global
	GlobalSection(SolutionConfigurationPlatforms) = preSolution
		Debug|Any CPU = Debug|Any CPU
		Release|Any CPU = Release|Any CPU
	EndGlobalSection
	GlobalSection(ProjectConfigurationPlatforms) = postSolution
		{39D0BE10-2756-41F1-8980-0578C39B0B2E}.Debug|Any CPU.ActiveCfg = Debug|Any CPU
		{39D0BE10-2756-41F1-8980-0578C39B0B2E}.Debug|Any CPU.Build.0 = Debug|Any CPU
		{39D0BE10-2756-41F1-8980-0578C39B0B2E}.Release|Any CPU.ActiveCfg = Release|Any CPU
		{39D0BE10-2756-41F1-8980-0578C39B0B2E}.Release|Any CPU.Build.0 = Release|Any CPU
	EndGlobalSection
	GlobalSection(SolutionProperties) = preSolution
		HideSolutionNode = FALSE
	EndGlobalSection
	GlobalSection(ExtensibilityGlobals) = postSolution
		SolutionGuid = {5F146ACF-988C-4B4F-8A2C-96361E9AF9CD}
	EndGlobalSection
EndGlobal
