
Microsoft Visual Studio Solution File, Format Version 12.00
# Visual Studio Version 16
VisualStudioVersion = 16.0.29123.88
MinimumVisualStudioVersion = 10.0.40219.1
Project("{FAE04EC0-301F-11D3-BF4B-00C04F79EFBC}") = "CadAlunos", "CadAlunos.csproj", "{774EB03B-A22A-493A-A5D2-B777C9B991A3}"
EndProject
Global
	GlobalSection(SolutionConfigurationPlatforms) = preSolution
		Debug|Any CPU = Debug|Any CPU
		Release|Any CPU = Release|Any CPU
	EndGlobalSection
	GlobalSection(ProjectConfigurationPlatforms) = postSolution
		{774EB03B-A22A-493A-A5D2-B777C9B991A3}.Debug|Any CPU.ActiveCfg = Debug|Any CPU
		{774EB03B-A22A-493A-A5D2-B777C9B991A3}.Debug|Any CPU.Build.0 = Debug|Any CPU
		{774EB03B-A22A-493A-A5D2-B777C9B991A3}.Release|Any CPU.ActiveCfg = Release|Any CPU
		{774EB03B-A22A-493A-A5D2-B777C9B991A3}.Release|Any CPU.Build.0 = Release|Any CPU
	EndGlobalSection
	GlobalSection(SolutionProperties) = preSolution
		HideSolutionNode = FALSE
	EndGlobalSection
	GlobalSection(ExtensibilityGlobals) = postSolution
		SolutionGuid = {ABA60DDD-7510-4203-BE16-A29842CC5145}
	EndGlobalSection
EndGlobal
